
Microsoft Visual Studio Solution File, Format Version 12.00
# Visual Studio Version 16
VisualStudioVersion = 16.0.30611.23
MinimumVisualStudioVersion = 10.0.40219.1
Project("{FAE04EC0-301F-11D3-BF4B-00C04F79EFBC}") = "LibraryApp", "LibraryApp\LibraryApp.csproj", "{087F91E5-291B-408B-B636-1E1A2533B95C}"
EndProject
Global
	GlobalSection(SolutionConfigurationPlatforms) = preSolution
		Debug|Any CPU = Debug|Any CPU
		Release|Any CPU = Release|Any CPU
	EndGlobalSection
	GlobalSection(ProjectConfigurationPlatforms) = postSolution
		{087F91E5-291B-408B-B636-1E1A2533B95C}.Debug|Any CPU.ActiveCfg = Debug|Any CPU
		{087F91E5-291B-408B-B636-1E1A2533B95C}.Debug|Any CPU.Build.0 = Debug|Any CPU
		{087F91E5-291B-408B-B636-1E1A2533B95C}.Release|Any CPU.ActiveCfg = Release|Any CPU
		{087F91E5-291B-408B-B636-1E1A2533B95C}.Release|Any CPU.Build.0 = Release|Any CPU
	EndGlobalSection
	GlobalSection(SolutionProperties) = preSolution
		HideSolutionNode = FALSE
	EndGlobalSection
	GlobalSection(ExtensibilityGlobals) = postSolution
		SolutionGuid = {A437498B-6464-42F2-AEFD-E676DE2926CD}
	EndGlobalSection
EndGlobal
